{
  "version": 4,
  "terraform_version": "1.0.8",
  "serial": 15,
  "lineage": "075c811f-3d3b-46dc-9d05-93d293720cd0",
  "outputs": {},
  "resources": [
    {
      "mode": "data",
      "type": "azurerm_image",
      "name": "packer",
      "provider": "provider[\"registry.terraform.io/hashicorp/azurerm\"]",
      "instances": [
        {
          "schema_version": 0,
          "attributes": {
            "data_disk": [],
            "id": "/subscriptions/ee7a707b-bda4-42fe-a08a-bd99bfaa9e05/resourceGroups/packer-image-rg/providers/Microsoft.Compute/images/ubuntuProjectImage",
            "location": "westeurope",
            "name": "ubuntuProjectImage",
            "name_regex": null,
            "os_disk": [
              {
                "blob_uri": "",
                "caching": "ReadWrite",
                "managed_disk_id": "/subscriptions/ee7a707b-bda4-42fe-a08a-bd99bfaa9e05/resourceGroups/pkr-Resource-Group-3pasmoi63v/providers/Microsoft.Compute/disks/pkros3pasmoi63v",
                "os_state": "Generalized",
                "os_type": "Linux",
                "size_gb": 30
              }
            ],
            "resource_group_name": "packer-image-rg",
            "sort_descending": false,
            "tags": {
              "owner": "Jane_Doe",
              "project": "Udacity",
              "type": "Packer image"
            },
            "timeouts": null,
            "zone_resilient": false
          },
          "sensitive_attributes": []
        }
      ]
    },
    {
      "mode": "managed",
      "type": "azurerm_availability_set",
      "name": "main",
      "provider": "provider[\"registry.terraform.io/hashicorp/azurerm\"]",
      "instances": [
        {
          "schema_version": 0,
          "attributes": {
            "id": "/subscriptions/ee7a707b-bda4-42fe-a08a-bd99bfaa9e05/resourceGroups/udacity-project-rg/providers/Microsoft.Compute/availabilitySets/udacity-project-avls",
            "location": "westeurope",
            "managed": true,
            "name": "udacity-project-avls",
            "platform_fault_domain_count": 2,
            "platform_update_domain_count": 2,
            "proximity_placement_group_id": null,
            "resource_group_name": "udacity-project-rg",
            "tags": {
              "Owner": "Jane_Doe",
              "Project": "Udacity"
            },
            "timeouts": null
          },
          "sensitive_attributes": [],
          "private": "eyJlMmJmYjczMC1lY2FhLTExZTYtOGY4OC0zNDM2M2JjN2M0YzAiOnsiY3JlYXRlIjoxODAwMDAwMDAwMDAwLCJkZWxldGUiOjE4MDAwMDAwMDAwMDAsInJlYWQiOjMwMDAwMDAwMDAwMCwidXBkYXRlIjoxODAwMDAwMDAwMDAwfX0=",
          "dependencies": [
            "azurerm_resource_group.main"
          ]
        }
      ]
    },
    {
      "mode": "managed",
      "type": "azurerm_lb",
      "name": "main",
      "provider": "provider[\"registry.terraform.io/hashicorp/azurerm\"]",
      "instances": [
        {
          "schema_version": 0,
          "attributes": {
            "frontend_ip_configuration": [
              {
                "id": "/subscriptions/ee7a707b-bda4-42fe-a08a-bd99bfaa9e05/resourceGroups/udacity-project-rg/providers/Microsoft.Network/loadBalancers/udacity-project-lb/frontendIPConfigurations/PublicIPAddress",
                "inbound_nat_rules": [],
                "load_balancer_rules": [],
                "name": "PublicIPAddress",
                "outbound_rules": [],
                "private_ip_address": "",
                "private_ip_address_allocation": "Dynamic",
                "private_ip_address_version": "",
                "public_ip_address_id": "/subscriptions/ee7a707b-bda4-42fe-a08a-bd99bfaa9e05/resourceGroups/udacity-project-rg/providers/Microsoft.Network/publicIPAddresses/udacity-project-pip",
                "public_ip_prefix_id": "",
                "subnet_id": "",
                "zones": null
              }
            ],
            "id": "/subscriptions/ee7a707b-bda4-42fe-a08a-bd99bfaa9e05/resourceGroups/udacity-project-rg/providers/Microsoft.Network/loadBalancers/udacity-project-lb",
            "location": "westeurope",
            "name": "udacity-project-lb",
            "private_ip_address": "",
            "private_ip_addresses": [],
            "resource_group_name": "udacity-project-rg",
            "sku": "Basic",
            "tags": {
              "Owner": "Jane_Doe",
              "Project": "Udacity"
            },
            "timeouts": null
          },
          "sensitive_attributes": [],
          "private": "eyJlMmJmYjczMC1lY2FhLTExZTYtOGY4OC0zNDM2M2JjN2M0YzAiOnsiY3JlYXRlIjoxODAwMDAwMDAwMDAwLCJkZWxldGUiOjE4MDAwMDAwMDAwMDAsInJlYWQiOjMwMDAwMDAwMDAwMCwidXBkYXRlIjoxODAwMDAwMDAwMDAwfX0=",
          "dependencies": [
            "azurerm_public_ip.main",
            "azurerm_resource_group.main"
          ]
        }
      ]
    },
    {
      "mode": "managed",
      "type": "azurerm_lb_backend_address_pool",
      "name": "main",
      "provider": "provider[\"registry.terraform.io/hashicorp/azurerm\"]",
      "instances": [
        {
          "schema_version": 0,
          "attributes": {
            "backend_address": [],
            "backend_ip_configurations": [],
            "id": "/subscriptions/ee7a707b-bda4-42fe-a08a-bd99bfaa9e05/resourceGroups/udacity-project-rg/providers/Microsoft.Network/loadBalancers/udacity-project-lb/backendAddressPools/udacity-project-lb-bap",
            "load_balancing_rules": [],
            "loadbalancer_id": "/subscriptions/ee7a707b-bda4-42fe-a08a-bd99bfaa9e05/resourceGroups/udacity-project-rg/providers/Microsoft.Network/loadBalancers/udacity-project-lb",
            "name": "udacity-project-lb-bap",
            "outbound_rules": [],
            "resource_group_name": "udacity-project-rg",
            "timeouts": null
          },
          "sensitive_attributes": [],
          "private": "eyJlMmJmYjczMC1lY2FhLTExZTYtOGY4OC0zNDM2M2JjN2M0YzAiOnsiY3JlYXRlIjoxODAwMDAwMDAwMDAwLCJkZWxldGUiOjE4MDAwMDAwMDAwMDAsInJlYWQiOjMwMDAwMDAwMDAwMCwidXBkYXRlIjoxODAwMDAwMDAwMDAwfX0=",
          "dependencies": [
            "azurerm_lb.main",
            "azurerm_public_ip.main",
            "azurerm_resource_group.main"
          ]
        }
      ]
    },
    {
      "mode": "managed",
      "type": "azurerm_linux_virtual_machine",
      "name": "main",
      "provider": "provider[\"registry.terraform.io/hashicorp/azurerm\"]",
      "instances": [
        {
          "index_key": 0,
          "schema_version": 0,
          "attributes": {
            "additional_capabilities": [],
            "admin_password": "Secret0Word!",
            "admin_ssh_key": [],
            "admin_username": "Jane_Doe",
            "allow_extension_operations": true,
            "availability_set_id": "/subscriptions/ee7a707b-bda4-42fe-a08a-bd99bfaa9e05/resourceGroups/udacity-project-rg/providers/Microsoft.Compute/availabilitySets/UDACITY-PROJECT-AVLS",
            "boot_diagnostics": [],
            "computer_name": "udacity-project-vm1",
            "custom_data": null,
            "dedicated_host_id": "",
            "disable_password_authentication": false,
            "encryption_at_host_enabled": false,
            "eviction_policy": "",
            "extensions_time_budget": "PT1H30M",
            "id": "/subscriptions/ee7a707b-bda4-42fe-a08a-bd99bfaa9e05/resourceGroups/udacity-project-rg/providers/Microsoft.Compute/virtualMachines/udacity-project-vm1",
            "identity": [],
            "location": "westeurope",
            "max_bid_price": -1,
            "name": "udacity-project-vm1",
            "network_interface_ids": [
              "/subscriptions/ee7a707b-bda4-42fe-a08a-bd99bfaa9e05/resourceGroups/udacity-project-rg/providers/Microsoft.Network/networkInterfaces/udacity-project-nic1"
            ],
            "os_disk": [
              {
                "caching": "ReadWrite",
                "diff_disk_settings": [],
                "disk_encryption_set_id": "",
                "disk_size_gb": 30,
                "name": "udacity-project-vm1_disk1_307d4c6e09514ebfa665c37786d42c9c",
                "storage_account_type": "Standard_LRS",
                "write_accelerator_enabled": false
              }
            ],
            "plan": [],
            "priority": "Regular",
            "private_ip_address": "10.0.2.5",
            "private_ip_addresses": [
              "10.0.2.5"
            ],
            "provision_vm_agent": true,
            "proximity_placement_group_id": "",
            "public_ip_address": "",
            "public_ip_addresses": [],
            "resource_group_name": "udacity-project-rg",
            "secret": [],
            "size": "Standard_B1s",
            "source_image_id": "/subscriptions/ee7a707b-bda4-42fe-a08a-bd99bfaa9e05/resourceGroups/packer-image-rg/providers/Microsoft.Compute/images/ubuntuProjectImage",
            "source_image_reference": [],
            "tags": {
              "Owner": "Jane_Doe",
              "Project": "Udacity"
            },
            "timeouts": null,
            "virtual_machine_id": "c08ea29d-b2bf-43f6-9f6f-a92054abe163",
            "virtual_machine_scale_set_id": "",
            "zone": ""
          },
          "sensitive_attributes": [],
          "private": "eyJlMmJmYjczMC1lY2FhLTExZTYtOGY4OC0zNDM2M2JjN2M0YzAiOnsiY3JlYXRlIjoyNzAwMDAwMDAwMDAwLCJkZWxldGUiOjI3MDAwMDAwMDAwMDAsInJlYWQiOjMwMDAwMDAwMDAwMCwidXBkYXRlIjoyNzAwMDAwMDAwMDAwfX0=",
          "dependencies": [
            "azurerm_availability_set.main",
            "azurerm_network_interface.main",
            "azurerm_resource_group.main",
            "azurerm_subnet.main",
            "azurerm_virtual_network.main",
            "data.azurerm_image.packer"
          ]
        },
        {
          "index_key": 1,
          "schema_version": 0,
          "attributes": {
            "additional_capabilities": [],
            "admin_password": "Secret0Word!",
            "admin_ssh_key": [],
            "admin_username": "Jane_Doe",
            "allow_extension_operations": true,
            "availability_set_id": "/subscriptions/ee7a707b-bda4-42fe-a08a-bd99bfaa9e05/resourceGroups/udacity-project-rg/providers/Microsoft.Compute/availabilitySets/UDACITY-PROJECT-AVLS",
            "boot_diagnostics": [],
            "computer_name": "udacity-project-vm2",
            "custom_data": null,
            "dedicated_host_id": "",
            "disable_password_authentication": false,
            "encryption_at_host_enabled": false,
            "eviction_policy": "",
            "extensions_time_budget": "PT1H30M",
            "id": "/subscriptions/ee7a707b-bda4-42fe-a08a-bd99bfaa9e05/resourceGroups/udacity-project-rg/providers/Microsoft.Compute/virtualMachines/udacity-project-vm2",
            "identity": [],
            "location": "westeurope",
            "max_bid_price": -1,
            "name": "udacity-project-vm2",
            "network_interface_ids": [
              "/subscriptions/ee7a707b-bda4-42fe-a08a-bd99bfaa9e05/resourceGroups/udacity-project-rg/providers/Microsoft.Network/networkInterfaces/udacity-project-nic2"
            ],
            "os_disk": [
              {
                "caching": "ReadWrite",
                "diff_disk_settings": [],
                "disk_encryption_set_id": "",
                "disk_size_gb": 30,
                "name": "udacity-project-vm2_disk1_6943cbf4b8c34a62a750766650026004",
                "storage_account_type": "Standard_LRS",
                "write_accelerator_enabled": false
              }
            ],
            "plan": [],
            "priority": "Regular",
            "private_ip_address": "10.0.2.4",
            "private_ip_addresses": [
              "10.0.2.4"
            ],
            "provision_vm_agent": true,
            "proximity_placement_group_id": "",
            "public_ip_address": "",
            "public_ip_addresses": [],
            "resource_group_name": "udacity-project-rg",
            "secret": [],
            "size": "Standard_B1s",
            "source_image_id": "/subscriptions/ee7a707b-bda4-42fe-a08a-bd99bfaa9e05/resourceGroups/packer-image-rg/providers/Microsoft.Compute/images/ubuntuProjectImage",
            "source_image_reference": [],
            "tags": {
              "Owner": "Jane_Doe",
              "Project": "Udacity"
            },
            "timeouts": null,
            "virtual_machine_id": "90364527-e53a-4b66-b38b-9a988fa3d424",
            "virtual_machine_scale_set_id": "",
            "zone": ""
          },
          "sensitive_attributes": [],
          "private": "eyJlMmJmYjczMC1lY2FhLTExZTYtOGY4OC0zNDM2M2JjN2M0YzAiOnsiY3JlYXRlIjoyNzAwMDAwMDAwMDAwLCJkZWxldGUiOjI3MDAwMDAwMDAwMDAsInJlYWQiOjMwMDAwMDAwMDAwMCwidXBkYXRlIjoyNzAwMDAwMDAwMDAwfX0=",
          "dependencies": [
            "azurerm_availability_set.main",
            "azurerm_network_interface.main",
            "azurerm_resource_group.main",
            "azurerm_subnet.main",
            "azurerm_virtual_network.main",
            "data.azurerm_image.packer"
          ]
        }
      ]
    },
    {
      "mode": "managed",
      "type": "azurerm_managed_disk",
      "name": "main",
      "provider": "provider[\"registry.terraform.io/hashicorp/azurerm\"]",
      "instances": [
        {
          "index_key": 0,
          "schema_version": 0,
          "attributes": {
            "create_option": "Empty",
            "disk_encryption_set_id": "",
            "disk_iops_read_write": 500,
            "disk_mbps_read_write": 60,
            "disk_size_gb": 1,
            "encryption_settings": [],
            "id": "/subscriptions/ee7a707b-bda4-42fe-a08a-bd99bfaa9e05/resourceGroups/udacity-project-rg/providers/Microsoft.Compute/disks/udacity-project-md1",
            "image_reference_id": "",
            "location": "westeurope",
            "name": "udacity-project-md1",
            "os_type": "",
            "resource_group_name": "udacity-project-rg",
            "source_resource_id": "",
            "source_uri": "",
            "storage_account_id": "",
            "storage_account_type": "Standard_LRS",
            "tags": {
              "Owner": "Jane_Doe",
              "Project": "Udacity"
            },
            "timeouts": null,
            "zones": null
          },
          "sensitive_attributes": [],
          "private": "eyJlMmJmYjczMC1lY2FhLTExZTYtOGY4OC0zNDM2M2JjN2M0YzAiOnsiY3JlYXRlIjoxODAwMDAwMDAwMDAwLCJkZWxldGUiOjE4MDAwMDAwMDAwMDAsInJlYWQiOjMwMDAwMDAwMDAwMCwidXBkYXRlIjoxODAwMDAwMDAwMDAwfX0=",
          "dependencies": [
            "azurerm_resource_group.main"
          ]
        },
        {
          "index_key": 1,
          "schema_version": 0,
          "attributes": {
            "create_option": "Empty",
            "disk_encryption_set_id": "",
            "disk_iops_read_write": 500,
            "disk_mbps_read_write": 60,
            "disk_size_gb": 1,
            "encryption_settings": [],
            "id": "/subscriptions/ee7a707b-bda4-42fe-a08a-bd99bfaa9e05/resourceGroups/udacity-project-rg/providers/Microsoft.Compute/disks/udacity-project-md2",
            "image_reference_id": "",
            "location": "westeurope",
            "name": "udacity-project-md2",
            "os_type": "",
            "resource_group_name": "udacity-project-rg",
            "source_resource_id": "",
            "source_uri": "",
            "storage_account_id": "",
            "storage_account_type": "Standard_LRS",
            "tags": {
              "Owner": "Jane_Doe",
              "Project": "Udacity"
            },
            "timeouts": null,
            "zones": null
          },
          "sensitive_attributes": [],
          "private": "eyJlMmJmYjczMC1lY2FhLTExZTYtOGY4OC0zNDM2M2JjN2M0YzAiOnsiY3JlYXRlIjoxODAwMDAwMDAwMDAwLCJkZWxldGUiOjE4MDAwMDAwMDAwMDAsInJlYWQiOjMwMDAwMDAwMDAwMCwidXBkYXRlIjoxODAwMDAwMDAwMDAwfX0=",
          "dependencies": [
            "azurerm_resource_group.main"
          ]
        }
      ]
    },
    {
      "mode": "managed",
      "type": "azurerm_network_interface",
      "name": "main",
      "provider": "provider[\"registry.terraform.io/hashicorp/azurerm\"]",
      "instances": [
        {
          "index_key": 0,
          "schema_version": 0,
          "attributes": {
            "applied_dns_servers": [],
            "dns_servers": [],
            "enable_accelerated_networking": false,
            "enable_ip_forwarding": false,
            "id": "/subscriptions/ee7a707b-bda4-42fe-a08a-bd99bfaa9e05/resourceGroups/udacity-project-rg/providers/Microsoft.Network/networkInterfaces/udacity-project-nic1",
            "internal_dns_name_label": "",
            "internal_domain_name_suffix": "4zgo0yvkyn0ezjufmzgv1dgmkb.ax.internal.cloudapp.net",
            "ip_configuration": [
              {
                "name": "internal",
                "primary": true,
                "private_ip_address": "10.0.2.5",
                "private_ip_address_allocation": "Dynamic",
                "private_ip_address_version": "IPv4",
                "public_ip_address_id": "",
                "subnet_id": "/subscriptions/ee7a707b-bda4-42fe-a08a-bd99bfaa9e05/resourceGroups/udacity-project-rg/providers/Microsoft.Network/virtualNetworks/udacity-project-vnet/subnets/udacity-project-subnet"
              }
            ],
            "location": "westeurope",
            "mac_address": "",
            "name": "udacity-project-nic1",
            "private_ip_address": "10.0.2.5",
            "private_ip_addresses": [
              "10.0.2.5"
            ],
            "resource_group_name": "udacity-project-rg",
            "tags": {
              "Owner": "Jane_Doe",
              "Project": "Udacity"
            },
            "timeouts": null,
            "virtual_machine_id": ""
          },
          "sensitive_attributes": [],
          "private": "eyJlMmJmYjczMC1lY2FhLTExZTYtOGY4OC0zNDM2M2JjN2M0YzAiOnsiY3JlYXRlIjoxODAwMDAwMDAwMDAwLCJkZWxldGUiOjE4MDAwMDAwMDAwMDAsInJlYWQiOjMwMDAwMDAwMDAwMCwidXBkYXRlIjoxODAwMDAwMDAwMDAwfX0=",
          "dependencies": [
            "azurerm_resource_group.main",
            "azurerm_subnet.main",
            "azurerm_virtual_network.main"
          ]
        },
        {
          "index_key": 1,
          "schema_version": 0,
          "attributes": {
            "applied_dns_servers": [],
            "dns_servers": [],
            "enable_accelerated_networking": false,
            "enable_ip_forwarding": false,
            "id": "/subscriptions/ee7a707b-bda4-42fe-a08a-bd99bfaa9e05/resourceGroups/udacity-project-rg/providers/Microsoft.Network/networkInterfaces/udacity-project-nic2",
            "internal_dns_name_label": "",
            "internal_domain_name_suffix": "4zgo0yvkyn0ezjufmzgv1dgmkb.ax.internal.cloudapp.net",
            "ip_configuration": [
              {
                "name": "internal",
                "primary": true,
                "private_ip_address": "10.0.2.4",
                "private_ip_address_allocation": "Dynamic",
                "private_ip_address_version": "IPv4",
                "public_ip_address_id": "",
                "subnet_id": "/subscriptions/ee7a707b-bda4-42fe-a08a-bd99bfaa9e05/resourceGroups/udacity-project-rg/providers/Microsoft.Network/virtualNetworks/udacity-project-vnet/subnets/udacity-project-subnet"
              }
            ],
            "location": "westeurope",
            "mac_address": "",
            "name": "udacity-project-nic2",
            "private_ip_address": "10.0.2.4",
            "private_ip_addresses": [
              "10.0.2.4"
            ],
            "resource_group_name": "udacity-project-rg",
            "tags": {
              "Owner": "Jane_Doe",
              "Project": "Udacity"
            },
            "timeouts": null,
            "virtual_machine_id": ""
          },
          "sensitive_attributes": [],
          "private": "eyJlMmJmYjczMC1lY2FhLTExZTYtOGY4OC0zNDM2M2JjN2M0YzAiOnsiY3JlYXRlIjoxODAwMDAwMDAwMDAwLCJkZWxldGUiOjE4MDAwMDAwMDAwMDAsInJlYWQiOjMwMDAwMDAwMDAwMCwidXBkYXRlIjoxODAwMDAwMDAwMDAwfX0=",
          "dependencies": [
            "azurerm_resource_group.main",
            "azurerm_subnet.main",
            "azurerm_virtual_network.main"
          ]
        }
      ]
    },
    {
      "mode": "managed",
      "type": "azurerm_network_security_group",
      "name": "main",
      "provider": "provider[\"registry.terraform.io/hashicorp/azurerm\"]",
      "instances": [
        {
          "schema_version": 0,
          "attributes": {
            "id": "/subscriptions/ee7a707b-bda4-42fe-a08a-bd99bfaa9e05/resourceGroups/udacity-project-rg/providers/Microsoft.Network/networkSecurityGroups/udacity-project-nsg",
            "location": "westeurope",
            "name": "udacity-project-nsg",
            "resource_group_name": "udacity-project-rg",
            "security_rule": [
              {
                "access": "Allow",
                "description": "Allow access to VMs via subnet.",
                "destination_address_prefix": "VirtualNetwork",
                "destination_address_prefixes": [],
                "destination_application_security_group_ids": [],
                "destination_port_range": "*",
                "destination_port_ranges": [],
                "direction": "Outbound",
                "name": "subnet-access",
                "priority": 101,
                "protocol": "*",
                "source_address_prefix": "10.0.2.0/24",
                "source_address_prefixes": [],
                "source_application_security_group_ids": [],
                "source_port_range": "*",
                "source_port_ranges": []
              },
              {
                "access": "Deny",
                "description": "Deny access to VMs via internet.",
                "destination_address_prefix": "VirtualNetwork",
                "destination_address_prefixes": [],
                "destination_application_security_group_ids": [],
                "destination_port_range": "*",
                "destination_port_ranges": [],
                "direction": "Inbound",
                "name": "internet-access",
                "priority": 100,
                "protocol": "*",
                "source_address_prefix": "Internet",
                "source_address_prefixes": [],
                "source_application_security_group_ids": [],
                "source_port_range": "*",
                "source_port_ranges": []
              }
            ],
            "tags": {
              "Owner": "Jane_Doe",
              "Project": "Udacity"
            },
            "timeouts": null
          },
          "sensitive_attributes": [],
          "private": "eyJlMmJmYjczMC1lY2FhLTExZTYtOGY4OC0zNDM2M2JjN2M0YzAiOnsiY3JlYXRlIjoxODAwMDAwMDAwMDAwLCJkZWxldGUiOjE4MDAwMDAwMDAwMDAsInJlYWQiOjMwMDAwMDAwMDAwMCwidXBkYXRlIjoxODAwMDAwMDAwMDAwfX0=",
          "dependencies": [
            "azurerm_resource_group.main"
          ]
        }
      ]
    },
    {
      "mode": "managed",
      "type": "azurerm_public_ip",
      "name": "main",
      "provider": "provider[\"registry.terraform.io/hashicorp/azurerm\"]",
      "instances": [
        {
          "schema_version": 0,
          "attributes": {
            "allocation_method": "Static",
            "domain_name_label": null,
            "fqdn": null,
            "id": "/subscriptions/ee7a707b-bda4-42fe-a08a-bd99bfaa9e05/resourceGroups/udacity-project-rg/providers/Microsoft.Network/publicIPAddresses/udacity-project-pip",
            "idle_timeout_in_minutes": 4,
            "ip_address": "104.46.61.178",
            "ip_version": "IPv4",
            "location": "westeurope",
            "name": "udacity-project-pip",
            "public_ip_prefix_id": null,
            "resource_group_name": "udacity-project-rg",
            "reverse_fqdn": null,
            "sku": "Basic",
            "tags": {
              "Owner": "Jane_Doe",
              "Project": "Udacity"
            },
            "timeouts": null,
            "zones": null
          },
          "sensitive_attributes": [],
          "private": "eyJlMmJmYjczMC1lY2FhLTExZTYtOGY4OC0zNDM2M2JjN2M0YzAiOnsiY3JlYXRlIjoxODAwMDAwMDAwMDAwLCJkZWxldGUiOjE4MDAwMDAwMDAwMDAsInJlYWQiOjMwMDAwMDAwMDAwMCwidXBkYXRlIjoxODAwMDAwMDAwMDAwfX0=",
          "dependencies": [
            "azurerm_resource_group.main"
          ]
        }
      ]
    },
    {
      "mode": "managed",
      "type": "azurerm_resource_group",
      "name": "main",
      "provider": "provider[\"registry.terraform.io/hashicorp/azurerm\"]",
      "instances": [
        {
          "schema_version": 0,
          "attributes": {
            "id": "/subscriptions/ee7a707b-bda4-42fe-a08a-bd99bfaa9e05/resourceGroups/udacity-project-rg",
            "location": "westeurope",
            "name": "udacity-project-rg",
            "tags": null,
            "timeouts": null
          },
          "sensitive_attributes": [],
          "private": "eyJlMmJmYjczMC1lY2FhLTExZTYtOGY4OC0zNDM2M2JjN2M0YzAiOnsiY3JlYXRlIjo1NDAwMDAwMDAwMDAwLCJkZWxldGUiOjU0MDAwMDAwMDAwMDAsInJlYWQiOjMwMDAwMDAwMDAwMCwidXBkYXRlIjo1NDAwMDAwMDAwMDAwfX0="
        }
      ]
    },
    {
      "mode": "managed",
      "type": "azurerm_subnet",
      "name": "main",
      "provider": "provider[\"registry.terraform.io/hashicorp/azurerm\"]",
      "instances": [
        {
          "schema_version": 0,
          "attributes": {
            "address_prefix": "10.0.2.0/24",
            "address_prefixes": [
              "10.0.2.0/24"
            ],
            "delegation": [],
            "enforce_private_link_endpoint_network_policies": false,
            "enforce_private_link_service_network_policies": false,
            "id": "/subscriptions/ee7a707b-bda4-42fe-a08a-bd99bfaa9e05/resourceGroups/udacity-project-rg/providers/Microsoft.Network/virtualNetworks/udacity-project-vnet/subnets/udacity-project-subnet",
            "name": "udacity-project-subnet",
            "resource_group_name": "udacity-project-rg",
            "service_endpoint_policy_ids": null,
            "service_endpoints": null,
            "timeouts": null,
            "virtual_network_name": "udacity-project-vnet"
          },
          "sensitive_attributes": [],
          "private": "eyJlMmJmYjczMC1lY2FhLTExZTYtOGY4OC0zNDM2M2JjN2M0YzAiOnsiY3JlYXRlIjoxODAwMDAwMDAwMDAwLCJkZWxldGUiOjE4MDAwMDAwMDAwMDAsInJlYWQiOjMwMDAwMDAwMDAwMCwidXBkYXRlIjoxODAwMDAwMDAwMDAwfX0=",
          "dependencies": [
            "azurerm_resource_group.main",
            "azurerm_virtual_network.main"
          ]
        }
      ]
    },
    {
      "mode": "managed",
      "type": "azurerm_virtual_network",
      "name": "main",
      "provider": "provider[\"registry.terraform.io/hashicorp/azurerm\"]",
      "instances": [
        {
          "schema_version": 0,
          "attributes": {
            "address_space": [
              "10.0.0.0/16"
            ],
            "bgp_community": "",
            "ddos_protection_plan": [],
            "dns_servers": null,
            "guid": "62ed4cf6-c3aa-4c74-a685-664d5d8ccc51",
            "id": "/subscriptions/ee7a707b-bda4-42fe-a08a-bd99bfaa9e05/resourceGroups/udacity-project-rg/providers/Microsoft.Network/virtualNetworks/udacity-project-vnet",
            "location": "westeurope",
            "name": "udacity-project-vnet",
            "resource_group_name": "udacity-project-rg",
            "subnet": [],
            "tags": {
              "Owner": "Jane_Doe",
              "Project": "Udacity"
            },
            "timeouts": null,
            "vm_protection_enabled": false
          },
          "sensitive_attributes": [],
          "private": "eyJlMmJmYjczMC1lY2FhLTExZTYtOGY4OC0zNDM2M2JjN2M0YzAiOnsiY3JlYXRlIjoxODAwMDAwMDAwMDAwLCJkZWxldGUiOjE4MDAwMDAwMDAwMDAsInJlYWQiOjMwMDAwMDAwMDAwMCwidXBkYXRlIjoxODAwMDAwMDAwMDAwfX0=",
          "dependencies": [
            "azurerm_resource_group.main"
          ]
        }
      ]
    }
  ]
}
